// !$*UTF8*$!
{
	archiveVersion = 1;
	classes = {
	};
	objectVersion = 45;
	objects = {

/* Begin PBXBuildFile section */
		1DDD58160DA1D0A300B32029 /* MainMenu.xib in Resources */ = {isa = PBXBuildFile; fileRef = 1DDD58140DA1D0A300B32029 /* MainMenu.xib */; };
		256AC3DA0F4B6AC300CF3369 /* AlbertiAppDelegate.m in Sources */ = {isa = PBXBuildFile; fileRef = 256AC3D90F4B6AC300CF3369 /* AlbertiAppDelegate.m */; };
		8D11072B0486CEB800E47090 /* InfoPlist.strings in Resources */ = {isa = PBXBuildFile; fileRef = 089C165CFE840E0CC02AAC07 /* InfoPlist.strings */; };
		8D11072D0486CEB800E47090 /* main.m in Sources */ = {isa = PBXBuildFile; fileRef = 29B97316FDCFA39411CA2CEA /* main.m */; settings = {ATTRIBUTES = (); }; };
		8D11072F0486CEB800E47090 /* Cocoa.framework in Frameworks */ = {isa = PBXBuildFile; fileRef = 1058C7A1FEA54F0111CA2CBB /* Cocoa.framework */; };
		C90373D411061C3900E60DD1 /* LBACollectWindow.xib in Resources */ = {isa = PBXBuildFile; fileRef = C90373D311061C3900E60DD1 /* LBACollectWindow.xib */; };
		C969923C110031BD00BEEC08 /* LBASource.m in Sources */ = {isa = PBXBuildFile; fileRef = C969923B110031BD00BEEC08 /* LBASource.m */; };
		C969923F1100356A00BEEC08 /* LBAData.m in Sources */ = {isa = PBXBuildFile; fileRef = C969923E1100356A00BEEC08 /* LBAData.m */; };
		C9699296110573C200BEEC08 /* LBACollectWindowController.m in Sources */ = {isa = PBXBuildFile; fileRef = C9699295110573C200BEEC08 /* LBACollectWindowController.m */; };
		C96993021106AFF000BEEC08 /* LBAFileSource.m in Sources */ = {isa = PBXBuildFile; fileRef = C96993011106AFF000BEEC08 /* LBAFileSource.m */; };
		C96993051106B02200BEEC08 /* LBANetworkSource.m in Sources */ = {isa = PBXBuildFile; fileRef = C96993041106B02200BEEC08 /* LBANetworkSource.m */; };
		C969930C1106BC1900BEEC08 /* LBAFileSourceSettings.xib in Resources */ = {isa = PBXBuildFile; fileRef = C969930B1106BC1900BEEC08 /* LBAFileSourceSettings.xib */; };
		C96994EF110D24E900BEEC08 /* LBAParserToolbar.m in Sources */ = {isa = PBXBuildFile; fileRef = C96994EE110D24E900BEEC08 /* LBAParserToolbar.m */; };
		C96994FE110D337C00BEEC08 /* LBADataView.m in Sources */ = {isa = PBXBuildFile; fileRef = C96994FD110D337C00BEEC08 /* LBADataView.m */; };
		C986CA2D11128E3A004AAD58 /* CHDataStructures.framework in Frameworks */ = {isa = PBXBuildFile; fileRef = C986CA2411128E2B004AAD58 /* CHDataStructures.framework */; };
		C986CA8311129497004AAD58 /* CHDataStructures.framework in CopyFiles */ = {isa = PBXBuildFile; fileRef = C986CA2411128E2B004AAD58 /* CHDataStructures.framework */; };
		C986CAF011129BAD004AAD58 /* CHDataStructures.framework in Frameworks */ = {isa = PBXBuildFile; fileRef = C986CA2411128E2B004AAD58 /* CHDataStructures.framework */; };
/* End PBXBuildFile section */

/* Begin PBXContainerItemProxy section */
		C986CA2311128E2B004AAD58 /* PBXContainerItemProxy */ = {
			isa = PBXContainerItemProxy;
			containerPortal = C986CA1611128E2B004AAD58 /* CHDataStructures.xcodeproj */;
			proxyType = 2;
			remoteGlobalIDString = 8DC2EF5B0486A6940098B216 /* CHDataStructures.framework */;
			remoteInfo = Framework;
		};
		C986CA2511128E2B004AAD58 /* PBXContainerItemProxy */ = {
			isa = PBXContainerItemProxy;
			containerPortal = C986CA1611128E2B004AAD58 /* CHDataStructures.xcodeproj */;
			proxyType = 2;
			remoteGlobalIDString = E473CB550E9346CB005CA997 /* CHDataStructures.octest */;
			remoteInfo = "Unit Testing";
		};
		C986CA2711128E2B004AAD58 /* PBXContainerItemProxy */ = {
			isa = PBXContainerItemProxy;
			containerPortal = C986CA1611128E2B004AAD58 /* CHDataStructures.xcodeproj */;
			proxyType = 2;
			remoteGlobalIDString = E44B59B40E95850F00F9DD1A /* Benchmarks */;
			remoteInfo = Benchmarks;
		};
		C986CA7E111293B9004AAD58 /* PBXContainerItemProxy */ = {
			isa = PBXContainerItemProxy;
			containerPortal = C986CA1611128E2B004AAD58 /* CHDataStructures.xcodeproj */;
			proxyType = 1;
			remoteGlobalIDString = 8DC2EF4F0486A6940098B216 /* Framework */;
			remoteInfo = Framework;
		};
/* End PBXContainerItemProxy section */

/* Begin PBXCopyFilesBuildPhase section */
		C986CA86111294B5004AAD58 /* CopyFiles */ = {
			isa = PBXCopyFilesBuildPhase;
			buildActionMask = 2147483647;
			dstPath = "";
			dstSubfolderSpec = 10;
			files = (
				C986CA8311129497004AAD58 /* CHDataStructures.framework in CopyFiles */,
			);
			runOnlyForDeploymentPostprocessing = 0;
		};
/* End PBXCopyFilesBuildPhase section */

/* Begin PBXFileReference section */
		089C165DFE840E0CC02AAC07 /* English */ = {isa = PBXFileReference; fileEncoding = 4; lastKnownFileType = text.plist.strings; name = English; path = English.lproj/InfoPlist.strings; sourceTree = "<group>"; };
		1058C7A1FEA54F0111CA2CBB /* Cocoa.framework */ = {isa = PBXFileReference; lastKnownFileType = wrapper.framework; name = Cocoa.framework; path = /System/Library/Frameworks/Cocoa.framework; sourceTree = "<absolute>"; };
		13E42FB307B3F0F600E4EEF1 /* CoreData.framework */ = {isa = PBXFileReference; lastKnownFileType = wrapper.framework; name = CoreData.framework; path = /System/Library/Frameworks/CoreData.framework; sourceTree = "<absolute>"; };
		1DDD58150DA1D0A300B32029 /* English */ = {isa = PBXFileReference; lastKnownFileType = file.xib; name = English; path = English.lproj/MainMenu.xib; sourceTree = "<group>"; };
		256AC3D80F4B6AC300CF3369 /* AlbertiAppDelegate.h */ = {isa = PBXFileReference; fileEncoding = 4; lastKnownFileType = sourcecode.c.h; path = AlbertiAppDelegate.h; sourceTree = "<group>"; };
		256AC3D90F4B6AC300CF3369 /* AlbertiAppDelegate.m */ = {isa = PBXFileReference; fileEncoding = 4; lastKnownFileType = sourcecode.c.objc; path = AlbertiAppDelegate.m; sourceTree = "<group>"; };
		256AC3F00F4B6AF500CF3369 /* Alberti_Prefix.pch */ = {isa = PBXFileReference; fileEncoding = 4; lastKnownFileType = sourcecode.c.h; path = Alberti_Prefix.pch; sourceTree = "<group>"; };
		29B97316FDCFA39411CA2CEA /* main.m */ = {isa = PBXFileReference; fileEncoding = 4; lastKnownFileType = sourcecode.c.objc; path = main.m; sourceTree = "<group>"; };
		29B97324FDCFA39411CA2CEA /* AppKit.framework */ = {isa = PBXFileReference; lastKnownFileType = wrapper.framework; name = AppKit.framework; path = /System/Library/Frameworks/AppKit.framework; sourceTree = "<absolute>"; };
		29B97325FDCFA39411CA2CEA /* Foundation.framework */ = {isa = PBXFileReference; lastKnownFileType = wrapper.framework; name = Foundation.framework; path = /System/Library/Frameworks/Foundation.framework; sourceTree = "<absolute>"; };
		8D1107310486CEB800E47090 /* Alberti-Info.plist */ = {isa = PBXFileReference; fileEncoding = 4; lastKnownFileType = text.plist.xml; path = "Alberti-Info.plist"; sourceTree = "<group>"; };
		8D1107320486CEB800E47090 /* Alberti.app */ = {isa = PBXFileReference; explicitFileType = wrapper.application; includeInIndex = 0; path = Alberti.app; sourceTree = BUILT_PRODUCTS_DIR; };
		C90373D61106694200E60DD1 /* LBAEndian.h */ = {isa = PBXFileReference; fileEncoding = 4; lastKnownFileType = sourcecode.c.h; path = LBAEndian.h; sourceTree = "<group>"; };
		C969922E1100223200BEEC08 /* English */ = {isa = PBXFileReference; lastKnownFileType = file.xib; name = English; path = English.lproj/LBACollectWindow.xib; sourceTree = "<group>"; };
		C969923A110031BD00BEEC08 /* LBASource.h */ = {isa = PBXFileReference; fileEncoding = 4; lastKnownFileType = sourcecode.c.h; path = LBASource.h; sourceTree = "<group>"; };
		C969923B110031BD00BEEC08 /* LBASource.m */ = {isa = PBXFileReference; fileEncoding = 4; lastKnownFileType = sourcecode.c.objc; path = LBASource.m; sourceTree = "<group>"; };
		C969923D1100356A00BEEC08 /* LBAData.h */ = {isa = PBXFileReference; fileEncoding = 4; lastKnownFileType = sourcecode.c.h; path = LBAData.h; sourceTree = "<group>"; };
		C969923E1100356A00BEEC08 /* LBAData.m */ = {isa = PBXFileReference; fileEncoding = 4; lastKnownFileType = sourcecode.c.objc; path = LBAData.m; sourceTree = "<group>"; };
		C9699294110573C200BEEC08 /* LBACollectWindowController.h */ = {isa = PBXFileReference; fileEncoding = 4; lastKnownFileType = sourcecode.c.h; path = LBACollectWindowController.h; sourceTree = "<group>"; };
		C9699295110573C200BEEC08 /* LBACollectWindowController.m */ = {isa = PBXFileReference; fileEncoding = 4; lastKnownFileType = sourcecode.c.objc; path = LBACollectWindowController.m; sourceTree = "<group>"; };
		C96993001106AFF000BEEC08 /* LBAFileSource.h */ = {isa = PBXFileReference; fileEncoding = 4; lastKnownFileType = sourcecode.c.h; path = LBAFileSource.h; sourceTree = "<group>"; };
		C96993011106AFF000BEEC08 /* LBAFileSource.m */ = {isa = PBXFileReference; fileEncoding = 4; lastKnownFileType = sourcecode.c.objc; path = LBAFileSource.m; sourceTree = "<group>"; };
		C96993031106B02200BEEC08 /* LBANetworkSource.h */ = {isa = PBXFileReference; fileEncoding = 4; lastKnownFileType = sourcecode.c.h; path = LBANetworkSource.h; sourceTree = "<group>"; };
		C96993041106B02200BEEC08 /* LBANetworkSource.m */ = {isa = PBXFileReference; fileEncoding = 4; lastKnownFileType = sourcecode.c.objc; path = LBANetworkSource.m; sourceTree = "<group>"; };
		C96993091106BC0D00BEEC08 /* English */ = {isa = PBXFileReference; lastKnownFileType = file.xib; name = English; path = English.lproj/LBAFileSourceSettings.xib; sourceTree = "<group>"; };
		C96994ED110D24E900BEEC08 /* LBAParserToolbar.h */ = {isa = PBXFileReference; fileEncoding = 4; lastKnownFileType = sourcecode.c.h; path = LBAParserToolbar.h; sourceTree = "<group>"; };
		C96994EE110D24E900BEEC08 /* LBAParserToolbar.m */ = {isa = PBXFileReference; fileEncoding = 4; lastKnownFileType = sourcecode.c.objc; path = LBAParserToolbar.m; sourceTree = "<group>"; };
		C96994FC110D337C00BEEC08 /* LBADataView.h */ = {isa = PBXFileReference; fileEncoding = 4; lastKnownFileType = sourcecode.c.h; path = LBADataView.h; sourceTree = "<group>"; };
		C96994FD110D337C00BEEC08 /* LBADataView.m */ = {isa = PBXFileReference; fileEncoding = 4; lastKnownFileType = sourcecode.c.objc; path = LBADataView.m; sourceTree = "<group>"; };
		C986CA1611128E2B004AAD58 /* CHDataStructures.xcodeproj */ = {isa = PBXFileReference; lastKnownFileType = "wrapper.pb-project"; name = CHDataStructures.xcodeproj; path = Frameworks/CHDataStructures/CHDataStructures.xcodeproj; sourceTree = "<group>"; };
/* End PBXFileReference section */

/* Begin PBXFrameworksBuildPhase section */
		8D11072E0486CEB800E47090 /* Frameworks */ = {
			isa = PBXFrameworksBuildPhase;
			buildActionMask = 2147483647;
			files = (
				8D11072F0486CEB800E47090 /* Cocoa.framework in Frameworks */,
				C986CA2D11128E3A004AAD58 /* CHDataStructures.framework in Frameworks */,
				C986CAF011129BAD004AAD58 /* CHDataStructures.framework in Frameworks */,
			);
			runOnlyForDeploymentPostprocessing = 0;
		};
/* End PBXFrameworksBuildPhase section */

/* Begin PBXGroup section */
		080E96DDFE201D6D7F000001 /* Classes */ = {
			isa = PBXGroup;
			children = (
				C96994F3110D2D4E00BEEC08 /* Model */,
				C96994F2110D2D3900BEEC08 /* Controllers */,
				C96994EC110D249500BEEC08 /* View */,
				256AC3D80F4B6AC300CF3369 /* AlbertiAppDelegate.h */,
				256AC3D90F4B6AC300CF3369 /* AlbertiAppDelegate.m */,
			);
			name = Classes;
			sourceTree = "<group>";
		};
		1058C7A0FEA54F0111CA2CBB /* Linked Frameworks */ = {
			isa = PBXGroup;
			children = (
				C986CA1611128E2B004AAD58 /* CHDataStructures.xcodeproj */,
				1058C7A1FEA54F0111CA2CBB /* Cocoa.framework */,
			);
			name = "Linked Frameworks";
			sourceTree = "<group>";
		};
		1058C7A2FEA54F0111CA2CBB /* Other Frameworks */ = {
			isa = PBXGroup;
			children = (
				29B97324FDCFA39411CA2CEA /* AppKit.framework */,
				13E42FB307B3F0F600E4EEF1 /* CoreData.framework */,
				29B97325FDCFA39411CA2CEA /* Foundation.framework */,
			);
			name = "Other Frameworks";
			sourceTree = "<group>";
		};
		19C28FACFE9D520D11CA2CBB /* Products */ = {
			isa = PBXGroup;
			children = (
				8D1107320486CEB800E47090 /* Alberti.app */,
			);
			name = Products;
			sourceTree = "<group>";
		};
		29B97314FDCFA39411CA2CEA /* Alberti */ = {
			isa = PBXGroup;
			children = (
				080E96DDFE201D6D7F000001 /* Classes */,
				29B97315FDCFA39411CA2CEA /* Other Sources */,
				29B97317FDCFA39411CA2CEA /* Resources */,
				29B97323FDCFA39411CA2CEA /* Frameworks */,
				19C28FACFE9D520D11CA2CBB /* Products */,
			);
			name = Alberti;
			sourceTree = "<group>";
		};
		29B97315FDCFA39411CA2CEA /* Other Sources */ = {
			isa = PBXGroup;
			children = (
				256AC3F00F4B6AF500CF3369 /* Alberti_Prefix.pch */,
				29B97316FDCFA39411CA2CEA /* main.m */,
			);
			name = "Other Sources";
			sourceTree = "<group>";
		};
		29B97317FDCFA39411CA2CEA /* Resources */ = {
			isa = PBXGroup;
			children = (
				8D1107310486CEB800E47090 /* Alberti-Info.plist */,
				089C165CFE840E0CC02AAC07 /* InfoPlist.strings */,
				1DDD58140DA1D0A300B32029 /* MainMenu.xib */,
				C90373D311061C3900E60DD1 /* LBACollectWindow.xib */,
				C969930B1106BC1900BEEC08 /* LBAFileSourceSettings.xib */,
			);
			name = Resources;
			sourceTree = "<group>";
		};
		29B97323FDCFA39411CA2CEA /* Frameworks */ = {
			isa = PBXGroup;
			children = (
				1058C7A0FEA54F0111CA2CBB /* Linked Frameworks */,
				1058C7A2FEA54F0111CA2CBB /* Other Frameworks */,
			);
			name = Frameworks;
			sourceTree = "<group>";
		};
		C96994EC110D249500BEEC08 /* View */ = {
			isa = PBXGroup;
			children = (
				C96994ED110D24E900BEEC08 /* LBAParserToolbar.h */,
				C96994EE110D24E900BEEC08 /* LBAParserToolbar.m */,
				C96994FC110D337C00BEEC08 /* LBADataView.h */,
				C96994FD110D337C00BEEC08 /* LBADataView.m */,
			);
			name = View;
			sourceTree = "<group>";
		};
		C96994F2110D2D3900BEEC08 /* Controllers */ = {
			isa = PBXGroup;
			children = (
				C9699294110573C200BEEC08 /* LBACollectWindowController.h */,
				C9699295110573C200BEEC08 /* LBACollectWindowController.m */,
			);
			name = Controllers;
			sourceTree = "<group>";
		};
		C96994F3110D2D4E00BEEC08 /* Model */ = {
			isa = PBXGroup;
			children = (
				C969923D1100356A00BEEC08 /* LBAData.h */,
				C969923E1100356A00BEEC08 /* LBAData.m */,
				C90373D61106694200E60DD1 /* LBAEndian.h */,
				C969923A110031BD00BEEC08 /* LBASource.h */,
				C969923B110031BD00BEEC08 /* LBASource.m */,
				C96993001106AFF000BEEC08 /* LBAFileSource.h */,
				C96993011106AFF000BEEC08 /* LBAFileSource.m */,
				C96993031106B02200BEEC08 /* LBANetworkSource.h */,
				C96993041106B02200BEEC08 /* LBANetworkSource.m */,
			);
			name = Model;
			sourceTree = "<group>";
		};
		C986CA1711128E2B004AAD58 /* Products */ = {
			isa = PBXGroup;
			children = (
				C986CA2411128E2B004AAD58 /* CHDataStructures.framework */,
				C986CA2611128E2B004AAD58 /* CHDataStructures.octest */,
				C986CA2811128E2B004AAD58 /* Benchmarks */,
			);
			name = Products;
			sourceTree = "<group>";
		};
/* End PBXGroup section */

/* Begin PBXNativeTarget section */
		8D1107260486CEB800E47090 /* Alberti */ = {
			isa = PBXNativeTarget;
			buildConfigurationList = C01FCF4A08A954540054247B /* Build configuration list for PBXNativeTarget "Alberti" */;
			buildPhases = (
				8D1107290486CEB800E47090 /* Resources */,
				8D11072C0486CEB800E47090 /* Sources */,
				8D11072E0486CEB800E47090 /* Frameworks */,
				C986CA86111294B5004AAD58 /* CopyFiles */,
			);
			buildRules = (
			);
			dependencies = (
				C986CA7F111293B9004AAD58 /* PBXTargetDependency */,
			);
			name = Alberti;
			productInstallPath = "$(HOME)/Applications";
			productName = Alberti;
			productReference = 8D1107320486CEB800E47090 /* Alberti.app */;
			productType = "com.apple.product-type.application";
		};
/* End PBXNativeTarget section */

/* Begin PBXProject section */
		29B97313FDCFA39411CA2CEA /* Project object */ = {
			isa = PBXProject;
			buildConfigurationList = C01FCF4E08A954540054247B /* Build configuration list for PBXProject "Alberti" */;
			compatibilityVersion = "Xcode 3.1";
			hasScannedForEncodings = 1;
			mainGroup = 29B97314FDCFA39411CA2CEA /* Alberti */;
			projectDirPath = "";
			projectReferences = (
				{
					ProductGroup = C986CA1711128E2B004AAD58 /* Products */;
					ProjectRef = C986CA1611128E2B004AAD58 /* CHDataStructures.xcodeproj */;
				},
			);
			projectRoot = "";
			targets = (
				8D1107260486CEB800E47090 /* Alberti */,
			);
		};
/* End PBXProject section */

/* Begin PBXReferenceProxy section */
		C986CA2411128E2B004AAD58 /* CHDataStructures.framework */ = {
			isa = PBXReferenceProxy;
			fileType = wrapper.framework;
			path = CHDataStructures.framework;
			remoteRef = C986CA2311128E2B004AAD58 /* PBXContainerItemProxy */;
			sourceTree = BUILT_PRODUCTS_DIR;
		};
		C986CA2611128E2B004AAD58 /* CHDataStructures.octest */ = {
			isa = PBXReferenceProxy;
			fileType = wrapper.cfbundle;
			path = CHDataStructures.octest;
			remoteRef = C986CA2511128E2B004AAD58 /* PBXContainerItemProxy */;
			sourceTree = BUILT_PRODUCTS_DIR;
		};
		C986CA2811128E2B004AAD58 /* Benchmarks */ = {
			isa = PBXReferenceProxy;
			fileType = "compiled.mach-o.executable";
			path = Benchmarks;
			remoteRef = C986CA2711128E2B004AAD58 /* PBXContainerItemProxy */;
			sourceTree = BUILT_PRODUCTS_DIR;
		};
/* End PBXReferenceProxy section */

/* Begin PBXResourcesBuildPhase section */
		8D1107290486CEB800E47090 /* Resources */ = {
			isa = PBXResourcesBuildPhase;
			buildActionMask = 2147483647;
			files = (
				8D11072B0486CEB800E47090 /* InfoPlist.strings in Resources */,
				1DDD58160DA1D0A300B32029 /* MainMenu.xib in Resources */,
				C90373D411061C3900E60DD1 /* LBACollectWindow.xib in Resources */,
				C969930C1106BC1900BEEC08 /* LBAFileSourceSettings.xib in Resources */,
			);
			runOnlyForDeploymentPostprocessing = 0;
		};
/* End PBXResourcesBuildPhase section */

/* Begin PBXSourcesBuildPhase section */
		8D11072C0486CEB800E47090 /* Sources */ = {
			isa = PBXSourcesBuildPhase;
			buildActionMask = 2147483647;
			files = (
				8D11072D0486CEB800E47090 /* main.m in Sources */,
				256AC3DA0F4B6AC300CF3369 /* AlbertiAppDelegate.m in Sources */,
				C969923C110031BD00BEEC08 /* LBASource.m in Sources */,
				C969923F1100356A00BEEC08 /* LBAData.m in Sources */,
				C9699296110573C200BEEC08 /* LBACollectWindowController.m in Sources */,
				C96993021106AFF000BEEC08 /* LBAFileSource.m in Sources */,
				C96993051106B02200BEEC08 /* LBANetworkSource.m in Sources */,
				C96994EF110D24E900BEEC08 /* LBAParserToolbar.m in Sources */,
				C96994FE110D337C00BEEC08 /* LBADataView.m in Sources */,
			);
			runOnlyForDeploymentPostprocessing = 0;
		};
/* End PBXSourcesBuildPhase section */

/* Begin PBXTargetDependency section */
		C986CA7F111293B9004AAD58 /* PBXTargetDependency */ = {
			isa = PBXTargetDependency;
			name = Framework;
			targetProxy = C986CA7E111293B9004AAD58 /* PBXContainerItemProxy */;
		};
/* End PBXTargetDependency section */

/* Begin PBXVariantGroup section */
		089C165CFE840E0CC02AAC07 /* InfoPlist.strings */ = {
			isa = PBXVariantGroup;
			children = (
				089C165DFE840E0CC02AAC07 /* English */,
			);
			name = InfoPlist.strings;
			sourceTree = "<group>";
		};
		1DDD58140DA1D0A300B32029 /* MainMenu.xib */ = {
			isa = PBXVariantGroup;
			children = (
				1DDD58150DA1D0A300B32029 /* English */,
			);
			name = MainMenu.xib;
			sourceTree = "<group>";
		};
		C90373D311061C3900E60DD1 /* LBACollectWindow.xib */ = {
			isa = PBXVariantGroup;
			children = (
				C969922E1100223200BEEC08 /* English */,
			);
			name = LBACollectWindow.xib;
			sourceTree = "<group>";
		};
		C969930B1106BC1900BEEC08 /* LBAFileSourceSettings.xib */ = {
			isa = PBXVariantGroup;
			children = (
				C96993091106BC0D00BEEC08 /* English */,
			);
			name = LBAFileSourceSettings.xib;
			sourceTree = "<group>";
		};
/* End PBXVariantGroup section */

/* Begin XCBuildConfiguration section */
		C01FCF4B08A954540054247B /* Debug */ = {
			isa = XCBuildConfiguration;
			buildSettings = {
				ALWAYS_SEARCH_USER_PATHS = NO;
				COPY_PHASE_STRIP = NO;
				FRAMEWORK_SEARCH_PATHS = (
					"$(inherited)",
					"\"$(SRCROOT)/Frameworks/CHDataStructures/build/Debug\"",
				);
				GCC_DYNAMIC_NO_PIC = NO;
				GCC_ENABLE_FIX_AND_CONTINUE = YES;
				GCC_MODEL_TUNING = G5;
				GCC_OPTIMIZATION_LEVEL = 0;
				GCC_PRECOMPILE_PREFIX_HEADER = YES;
				GCC_PREFIX_HEADER = Alberti_Prefix.pch;
				GCC_TREAT_IMPLICIT_FUNCTION_DECLARATIONS_AS_ERRORS = YES;
				GCC_VERSION = com.apple.compilers.llvm.clang.1_0;
				GCC_WARN_ABOUT_MISSING_PROTOTYPES = YES;
				GCC_WARN_CHECK_SWITCH_STATEMENTS = YES;
				GCC_WARN_MISSING_PARENTHESES = YES;
				GCC_WARN_MULTIPLE_DEFINITION_TYPES_FOR_SELECTOR = NO;
				GCC_WARN_PEDANTIC = NO;
				GCC_WARN_PROTOTYPE_CONVERSION = YES;
				GCC_WARN_SIGN_COMPARE = YES;
				GCC_WARN_STRICT_SELECTOR_MATCH = YES;
				GCC_WARN_UNINITIALIZED_AUTOS = YES;
				GCC_WARN_UNKNOWN_PRAGMAS = YES;
				INFOPLIST_FILE = "Alberti-Info.plist";
				INSTALL_PATH = "$(HOME)/Applications";
				PRODUCT_NAME = Alberti;
			};
			name = Debug;
		};
		C01FCF4C08A954540054247B /* Release */ = {
			isa = XCBuildConfiguration;
			buildSettings = {
				ALWAYS_SEARCH_USER_PATHS = NO;
				DEBUG_INFORMATION_FORMAT = "dwarf-with-dsym";
				FRAMEWORK_SEARCH_PATHS = (
					"$(inherited)",
					"\"$(SRCROOT)/Frameworks/CHDataStructures/build/Debug\"",
				);
				GCC_MODEL_TUNING = G5;
				GCC_PRECOMPILE_PREFIX_HEADER = YES;
				GCC_PREFIX_HEADER = Alberti_Prefix.pch;
				GCC_VERSION = com.apple.compilers.llvm.clang.1_0;
				GCC_WARN_CHECK_SWITCH_STATEMENTS = NO;
				INFOPLIST_FILE = "Alberti-Info.plist";
				INSTALL_PATH = "$(HOME)/Applications";
				PRODUCT_NAME = Alberti;
			};
			name = Release;
		};
		C01FCF4F08A954540054247B /* Debug */ = {
			isa = XCBuildConfiguration;
			buildSettings = {
				ARCHS = "$(ARCHS_STANDARD_32_64_BIT)";
				GCC_C_LANGUAGE_STANDARD = gnu99;
				GCC_OPTIMIZATION_LEVEL = 0;
				GCC_WARN_ABOUT_RETURN_TYPE = YES;
				GCC_WARN_UNUSED_VARIABLE = YES;
				ONLY_ACTIVE_ARCH = YES;
				PREBINDING = NO;
				SDKROOT = macosx10.6;
			};
			name = Debug;
		};
		C01FCF5008A954540054247B /* Release */ = {
			isa = XCBuildConfiguration;
			buildSettings = {
				ARCHS = "$(ARCHS_STANDARD_32_64_BIT)";
				GCC_C_LANGUAGE_STANDARD = gnu99;
				GCC_WARN_ABOUT_RETURN_TYPE = YES;
				GCC_WARN_UNUSED_VARIABLE = YES;
				PREBINDING = NO;
				SDKROOT = macosx10.6;
			};
			name = Release;
		};
/* End XCBuildConfiguration section */

/* Begin XCConfigurationList section */
		C01FCF4A08A954540054247B /* Build configuration list for PBXNativeTarget "Alberti" */ = {
			isa = XCConfigurationList;
			buildConfigurations = (
				C01FCF4B08A954540054247B /* Debug */,
				C01FCF4C08A954540054247B /* Release */,
			);
			defaultConfigurationIsVisible = 0;
			defaultConfigurationName = Release;
		};
		C01FCF4E08A954540054247B /* Build configuration list for PBXProject "Alberti" */ = {
			isa = XCConfigurationList;
			buildConfigurations = (
				C01FCF4F08A954540054247B /* Debug */,
				C01FCF5008A954540054247B /* Release */,
			);
			defaultConfigurationIsVisible = 0;
			defaultConfigurationName = Release;
		};
/* End XCConfigurationList section */
	};
	rootObject = 29B97313FDCFA39411CA2CEA /* Project object */;
}
